
Microsoft Visual Studio Solution File, Format Version 12.00
# Visual Studio 15
VisualStudioVersion = 15.0.28307.168
MinimumVisualStudioVersion = 10.0.40219.1
Project("{FAE04EC0-301F-11D3-BF4B-00C04F79EFBC}") = "WindowsFormsApp4", "WindowsFormsApp4\WindowsFormsApp4.csproj", "{F35F25B8-C2B1-4FFD-8BE6-2DBCC7A1A843}"
EndProject
Global
	GlobalSection(SolutionConfigurationPlatforms) = preSolution
		Debug|Any CPU = Debug|Any CPU
		Release|Any CPU = Release|Any CPU
	EndGlobalSection
	GlobalSection(ProjectConfigurationPlatforms) = postSolution
		{F35F25B8-C2B1-4FFD-8BE6-2DBCC7A1A843}.Debug|Any CPU.ActiveCfg = Debug|Any CPU
		{F35F25B8-C2B1-4FFD-8BE6-2DBCC7A1A843}.Debug|Any CPU.Build.0 = Debug|Any CPU
		{F35F25B8-C2B1-4FFD-8BE6-2DBCC7A1A843}.Release|Any CPU.ActiveCfg = Release|Any CPU
		{F35F25B8-C2B1-4FFD-8BE6-2DBCC7A1A843}.Release|Any CPU.Build.0 = Release|Any CPU
	EndGlobalSection
	GlobalSection(SolutionProperties) = preSolution
		HideSolutionNode = FALSE
	EndGlobalSection
	GlobalSection(ExtensibilityGlobals) = postSolution
		SolutionGuid = {697EBC36-77C8-4B05-B6CC-1A258D7A60C5}
	EndGlobalSection
EndGlobal
